{
  "name": "cymberhaj_folder",
  "version": "1.0.0",
  "lockfileVersion": 3,
  "requires": true,
  "packages": {
    "": {
      "name": "cymberhaj_folder",
      "version": "1.0.0",
      "license": "ISC",
      "dependencies": {
        "cannon-es": "^0.20.0",
        "three": "^0.152.2",
        "three-obj-loader": "^1.1.3"
      }
    },
    "node_modules/cannon-es": {
      "version": "0.20.0",
      "resolved": "https://registry.npmjs.org/cannon-es/-/cannon-es-0.20.0.tgz",
      "integrity": "sha512-eZhWTZIkFOnMAJOgfXJa9+b3kVlvG+FX4mdkpePev/w/rP5V8NRquGyEozcjPfEoXUlb+p7d9SUcmDSn14prOA=="
    },
    "node_modules/three": {
      "version": "0.152.2",
      "resolved": "https://registry.npmjs.org/three/-/three-0.152.2.tgz",
      "integrity": "sha512-Ff9zIpSfkkqcBcpdiFo2f35vA9ZucO+N8TNacJOqaEE6DrB0eufItVMib8bK8Pcju/ZNT6a7blE1GhTpkdsILw=="
    },
    "node_modules/three-obj-loader": {
      "version": "1.1.3",
      "resolved": "https://registry.npmjs.org/three-obj-loader/-/three-obj-loader-1.1.3.tgz",
      "integrity": "sha512-usuOOTAqeM7J7dyae/I9ltFnfy1g47Hsr3byTvBTeH9LYz5vb2i8rLd2Hi1HEr0MbB5H4p9YrqFaDGcijXEVNw==",
      "deprecated": "This package is no longer needed https://github.com/sohamkamani/three-object-loader/issues/25"
    }
  }
}
